
Microsoft Visual Studio Solution File, Format Version 12.00
# Visual Studio 14
VisualStudioVersion = 14.0.25420.1
MinimumVisualStudioVersion = 10.0.40219.1
Project("{FAE04EC0-301F-11D3-BF4B-00C04F79EFBC}") = "ComboBoxes", "ComboBoxes.csproj", "{03F27A38-1623-42B8-9555-3235992C72BC}"
EndProject
Global
	GlobalSection(SolutionConfigurationPlatforms) = preSolution
		Debug|ARM = Debug|ARM
		Debug|x64 = Debug|x64
		Debug|x86 = Debug|x86
		Release|ARM = Release|ARM
		Release|x64 = Release|x64
		Release|x86 = Release|x86
	EndGlobalSection
	GlobalSection(ProjectConfigurationPlatforms) = postSolution
		{03F27A38-1623-42B8-9555-3235992C72BC}.Debug|ARM.ActiveCfg = Debug|ARM
		{03F27A38-1623-42B8-9555-3235992C72BC}.Debug|ARM.Build.0 = Debug|ARM
		{03F27A38-1623-42B8-9555-3235992C72BC}.Debug|ARM.Deploy.0 = Debug|ARM
		{03F27A38-1623-42B8-9555-3235992C72BC}.Debug|x64.ActiveCfg = Debug|x64
		{03F27A38-1623-42B8-9555-3235992C72BC}.Debug|x64.Build.0 = Debug|x64
		{03F27A38-1623-42B8-9555-3235992C72BC}.Debug|x64.Deploy.0 = Debug|x64
		{03F27A38-1623-42B8-9555-3235992C72BC}.Debug|x86.ActiveCfg = Debug|x86
		{03F27A38-1623-42B8-9555-3235992C72BC}.Debug|x86.Build.0 = Debug|x86
		{03F27A38-1623-42B8-9555-3235992C72BC}.Debug|x86.Deploy.0 = Debug|x86
		{03F27A38-1623-42B8-9555-3235992C72BC}.Release|ARM.ActiveCfg = Release|ARM
		{03F27A38-1623-42B8-9555-3235992C72BC}.Release|ARM.Build.0 = Release|ARM
		{03F27A38-1623-42B8-9555-3235992C72BC}.Release|ARM.Deploy.0 = Release|ARM
		{03F27A38-1623-42B8-9555-3235992C72BC}.Release|x64.ActiveCfg = Release|x64
		{03F27A38-1623-42B8-9555-3235992C72BC}.Release|x64.Build.0 = Release|x64
		{03F27A38-1623-42B8-9555-3235992C72BC}.Release|x64.Deploy.0 = Release|x64
		{03F27A38-1623-42B8-9555-3235992C72BC}.Release|x86.ActiveCfg = Release|x86
		{03F27A38-1623-42B8-9555-3235992C72BC}.Release|x86.Build.0 = Release|x86
		{03F27A38-1623-42B8-9555-3235992C72BC}.Release|x86.Deploy.0 = Release|x86
	EndGlobalSection
	GlobalSection(SolutionProperties) = preSolution
		HideSolutionNode = FALSE
	EndGlobalSection
EndGlobal
