
Microsoft Visual Studio Solution File, Format Version 12.00
# Visual Studio 14
VisualStudioVersion = 14.0.25420.1
MinimumVisualStudioVersion = 10.0.40219.1
Project("{FAE04EC0-301F-11D3-BF4B-00C04F79EFBC}") = "AplicacioAmbInstalador", "AplicacioAmbInstalador\AplicacioAmbInstalador.csproj", "{EE2E5456-4B2C-4CF8-9088-C4656A143A08}"
EndProject
Project("{FAE04EC0-301F-11D3-BF4B-00C04F79EFBC}") = "LibTarifes", "LibTarifes\LibTarifes.csproj", "{34341FF7-62E1-446D-94D5-C28285392FBF}"
EndProject
Project("{930C7802-8A8C-48F9-8165-68863BCCD9DD}") = "SetupProject", "SetupProject\SetupProject.wixproj", "{9858F387-F1F5-4A3D-98EC-FF12F64059CE}"
EndProject
Global
	GlobalSection(SolutionConfigurationPlatforms) = preSolution
		Debug|Any CPU = Debug|Any CPU
		Debug|ARM = Debug|ARM
		Debug|x64 = Debug|x64
		Debug|x86 = Debug|x86
		Release|Any CPU = Release|Any CPU
		Release|ARM = Release|ARM
		Release|x64 = Release|x64
		Release|x86 = Release|x86
	EndGlobalSection
	GlobalSection(ProjectConfigurationPlatforms) = postSolution
		{EE2E5456-4B2C-4CF8-9088-C4656A143A08}.Debug|Any CPU.ActiveCfg = Debug|x86
		{EE2E5456-4B2C-4CF8-9088-C4656A143A08}.Debug|ARM.ActiveCfg = Debug|ARM
		{EE2E5456-4B2C-4CF8-9088-C4656A143A08}.Debug|ARM.Build.0 = Debug|ARM
		{EE2E5456-4B2C-4CF8-9088-C4656A143A08}.Debug|ARM.Deploy.0 = Debug|ARM
		{EE2E5456-4B2C-4CF8-9088-C4656A143A08}.Debug|x64.ActiveCfg = Debug|x64
		{EE2E5456-4B2C-4CF8-9088-C4656A143A08}.Debug|x64.Build.0 = Debug|x64
		{EE2E5456-4B2C-4CF8-9088-C4656A143A08}.Debug|x64.Deploy.0 = Debug|x64
		{EE2E5456-4B2C-4CF8-9088-C4656A143A08}.Debug|x86.ActiveCfg = Debug|x86
		{EE2E5456-4B2C-4CF8-9088-C4656A143A08}.Debug|x86.Build.0 = Debug|x86
		{EE2E5456-4B2C-4CF8-9088-C4656A143A08}.Debug|x86.Deploy.0 = Debug|x86
		{EE2E5456-4B2C-4CF8-9088-C4656A143A08}.Release|Any CPU.ActiveCfg = Release|x86
		{EE2E5456-4B2C-4CF8-9088-C4656A143A08}.Release|ARM.ActiveCfg = Release|ARM
		{EE2E5456-4B2C-4CF8-9088-C4656A143A08}.Release|ARM.Build.0 = Release|ARM
		{EE2E5456-4B2C-4CF8-9088-C4656A143A08}.Release|ARM.Deploy.0 = Release|ARM
		{EE2E5456-4B2C-4CF8-9088-C4656A143A08}.Release|x64.ActiveCfg = Release|x64
		{EE2E5456-4B2C-4CF8-9088-C4656A143A08}.Release|x64.Build.0 = Release|x64
		{EE2E5456-4B2C-4CF8-9088-C4656A143A08}.Release|x64.Deploy.0 = Release|x64
		{EE2E5456-4B2C-4CF8-9088-C4656A143A08}.Release|x86.ActiveCfg = Release|x86
		{EE2E5456-4B2C-4CF8-9088-C4656A143A08}.Release|x86.Build.0 = Release|x86
		{EE2E5456-4B2C-4CF8-9088-C4656A143A08}.Release|x86.Deploy.0 = Release|x86
		{34341FF7-62E1-446D-94D5-C28285392FBF}.Debug|Any CPU.ActiveCfg = Debug|Any CPU
		{34341FF7-62E1-446D-94D5-C28285392FBF}.Debug|Any CPU.Build.0 = Debug|Any CPU
		{34341FF7-62E1-446D-94D5-C28285392FBF}.Debug|ARM.ActiveCfg = Debug|ARM
		{34341FF7-62E1-446D-94D5-C28285392FBF}.Debug|ARM.Build.0 = Debug|ARM
		{34341FF7-62E1-446D-94D5-C28285392FBF}.Debug|x64.ActiveCfg = Debug|x64
		{34341FF7-62E1-446D-94D5-C28285392FBF}.Debug|x64.Build.0 = Debug|x64
		{34341FF7-62E1-446D-94D5-C28285392FBF}.Debug|x86.ActiveCfg = Debug|x86
		{34341FF7-62E1-446D-94D5-C28285392FBF}.Debug|x86.Build.0 = Debug|x86
		{34341FF7-62E1-446D-94D5-C28285392FBF}.Release|Any CPU.ActiveCfg = Release|Any CPU
		{34341FF7-62E1-446D-94D5-C28285392FBF}.Release|Any CPU.Build.0 = Release|Any CPU
		{34341FF7-62E1-446D-94D5-C28285392FBF}.Release|ARM.ActiveCfg = Release|ARM
		{34341FF7-62E1-446D-94D5-C28285392FBF}.Release|ARM.Build.0 = Release|ARM
		{34341FF7-62E1-446D-94D5-C28285392FBF}.Release|x64.ActiveCfg = Release|x64
		{34341FF7-62E1-446D-94D5-C28285392FBF}.Release|x64.Build.0 = Release|x64
		{34341FF7-62E1-446D-94D5-C28285392FBF}.Release|x86.ActiveCfg = Release|x86
		{34341FF7-62E1-446D-94D5-C28285392FBF}.Release|x86.Build.0 = Release|x86
		{9858F387-F1F5-4A3D-98EC-FF12F64059CE}.Debug|Any CPU.ActiveCfg = Debug|x86
		{9858F387-F1F5-4A3D-98EC-FF12F64059CE}.Debug|ARM.ActiveCfg = Debug|x86
		{9858F387-F1F5-4A3D-98EC-FF12F64059CE}.Debug|x64.ActiveCfg = Debug|x86
		{9858F387-F1F5-4A3D-98EC-FF12F64059CE}.Debug|x86.ActiveCfg = Debug|x86
		{9858F387-F1F5-4A3D-98EC-FF12F64059CE}.Debug|x86.Build.0 = Debug|x86
		{9858F387-F1F5-4A3D-98EC-FF12F64059CE}.Release|Any CPU.ActiveCfg = Release|x86
		{9858F387-F1F5-4A3D-98EC-FF12F64059CE}.Release|ARM.ActiveCfg = Release|x86
		{9858F387-F1F5-4A3D-98EC-FF12F64059CE}.Release|x64.ActiveCfg = Release|x86
		{9858F387-F1F5-4A3D-98EC-FF12F64059CE}.Release|x86.ActiveCfg = Release|x86
		{9858F387-F1F5-4A3D-98EC-FF12F64059CE}.Release|x86.Build.0 = Release|x86
	EndGlobalSection
	GlobalSection(SolutionProperties) = preSolution
		HideSolutionNode = FALSE
	EndGlobalSection
EndGlobal
